
Microsoft Visual Studio Solution File, Format Version 12.00
# Visual Studio Version 16
VisualStudioVersion = 16.0.30717.126
MinimumVisualStudioVersion = 10.0.40219.1
Project("{9A19103F-16F7-4668-BE54-9A1E7A4F7556}") = "DemoApp.UserService", "Services\User\DemoApp.UserService\DemoApp.UserService.csproj", "{0DA0FD29-9676-4F90-AB27-804461E3E1EF}"
EndProject
Project("{9A19103F-16F7-4668-BE54-9A1E7A4F7556}") = "DemoApp.DeviceService", "Services\Device\DemoApp.DeviceService\DemoApp.DeviceService.csproj", "{C8AEF876-AE9F-4799-8306-3B85B3DCD0F2}"
EndProject
Project("{9A19103F-16F7-4668-BE54-9A1E7A4F7556}") = "DemoApp.SharedKernel", "DemoApp.SharedKernel\DemoApp.SharedKernel.csproj", "{0AEE4E7F-6FEE-4209-B2AB-21B540D19B65}"
EndProject
Global
	GlobalSection(SolutionConfigurationPlatforms) = preSolution
		Debug|Any CPU = Debug|Any CPU
		Release|Any CPU = Release|Any CPU
	EndGlobalSection
	GlobalSection(ProjectConfigurationPlatforms) = postSolution
		{0DA0FD29-9676-4F90-AB27-804461E3E1EF}.Debug|Any CPU.ActiveCfg = Debug|Any CPU
		{0DA0FD29-9676-4F90-AB27-804461E3E1EF}.Debug|Any CPU.Build.0 = Debug|Any CPU
		{0DA0FD29-9676-4F90-AB27-804461E3E1EF}.Release|Any CPU.ActiveCfg = Release|Any CPU
		{0DA0FD29-9676-4F90-AB27-804461E3E1EF}.Release|Any CPU.Build.0 = Release|Any CPU
		{C8AEF876-AE9F-4799-8306-3B85B3DCD0F2}.Debug|Any CPU.ActiveCfg = Debug|Any CPU
		{C8AEF876-AE9F-4799-8306-3B85B3DCD0F2}.Debug|Any CPU.Build.0 = Debug|Any CPU
		{C8AEF876-AE9F-4799-8306-3B85B3DCD0F2}.Release|Any CPU.ActiveCfg = Release|Any CPU
		{C8AEF876-AE9F-4799-8306-3B85B3DCD0F2}.Release|Any CPU.Build.0 = Release|Any CPU
		{0AEE4E7F-6FEE-4209-B2AB-21B540D19B65}.Debug|Any CPU.ActiveCfg = Debug|Any CPU
		{0AEE4E7F-6FEE-4209-B2AB-21B540D19B65}.Debug|Any CPU.Build.0 = Debug|Any CPU
		{0AEE4E7F-6FEE-4209-B2AB-21B540D19B65}.Release|Any CPU.ActiveCfg = Release|Any CPU
		{0AEE4E7F-6FEE-4209-B2AB-21B540D19B65}.Release|Any CPU.Build.0 = Release|Any CPU
	EndGlobalSection
	GlobalSection(SolutionProperties) = preSolution
		HideSolutionNode = FALSE
	EndGlobalSection
	GlobalSection(ExtensibilityGlobals) = postSolution
		SolutionGuid = {82850985-A01E-4EC2-8EBB-39A8CFEA33F4}
	EndGlobalSection
EndGlobal
